{
  "name": "agraddy.util.mail",
  "version": "0.10.0",
  "lockfileVersion": 1,
  "requires": true,
  "dependencies": {
    "addressparser": {
      "version": "1.0.1",
      "resolved": "https://registry.npmjs.org/addressparser/-/addressparser-1.0.1.tgz",
      "integrity": "sha1-R6++GiqSYhkdtoOOT9HTm0CCF0Y="
    },
    "agraddy.config": {
      "version": "0.2.0",
      "resolved": "https://registry.npmjs.org/agraddy.config/-/agraddy.config-0.2.0.tgz",
      "integrity": "sha1-Nwuumh/JDDQ+uwJNMnIDO9kx7cI="
    },
    "agraddy.dkim.sign": {
      "version": "0.3.0",
      "resolved": "https://registry.npmjs.org/agraddy.dkim.sign/-/agraddy.dkim.sign-0.3.0.tgz",
      "integrity": "sha1-wQHuNsrjiDlMsKzcm0vTPFw8PC8=",
      "requires": {
        "agraddy.parse.email": "^0.6.0"
      }
    },
    "agraddy.parse.email": {
      "version": "0.6.0",
      "resolved": "https://registry.npmjs.org/agraddy.parse.email/-/agraddy.parse.email-0.6.0.tgz",
      "integrity": "sha1-EryJUOWigt8RmD8ZFo9gKg1YI7g=",
      "requires": {
        "addressparser": "^1.0.1",
        "agraddy.parse.multipart": "^0.4.0",
        "quoted-printable": "^1.0.1"
      }
    },
    "agraddy.parse.multipart": {
      "version": "0.4.0",
      "resolved": "https://registry.npmjs.org/agraddy.parse.multipart/-/agraddy.parse.multipart-0.4.0.tgz",
      "integrity": "sha1-P/J4DLkhcSUxF1B5OC7ixfXuz5w="
    },
    "agraddy.smtp.server": {
      "version": "0.5.0",
      "resolved": "https://registry.npmjs.org/agraddy.smtp.server/-/agraddy.smtp.server-0.5.0.tgz",
      "integrity": "sha1-/BO98hC+yn8RUUzru7IpCD5eRws=",
      "dev": true,
      "requires": {
        "agraddy.config": "^0.2.0"
      }
    },
    "agraddy.test.tap": {
      "version": "0.9.1",
      "resolved": "https://registry.npmjs.org/agraddy.test.tap/-/agraddy.test.tap-0.9.1.tgz",
      "integrity": "sha1-CAWOpCMhkHv1xzq+fxtLG3usyy4=",
      "dev": true
    },
    "agraddy.util.array.sort.object": {
      "version": "0.3.0",
      "resolved": "https://registry.npmjs.org/agraddy.util.array.sort.object/-/agraddy.util.array.sort.object-0.3.0.tgz",
      "integrity": "sha1-sLA3eFgfuOMSb2nnWNdezJvklnE="
    },
    "quoted-printable": {
      "version": "1.0.1",
      "resolved": "https://registry.npmjs.org/quoted-printable/-/quoted-printable-1.0.1.tgz",
      "integrity": "sha1-nuv16z0R7vAismT9LStrK7O4TMM=",
      "requires": {
        "utf8": "^2.1.0"
      }
    },
    "utf8": {
      "version": "2.1.2",
      "resolved": "https://registry.npmjs.org/utf8/-/utf8-2.1.2.tgz",
      "integrity": "sha1-H6DZJw6b6FDZsFAn9jUZv0ZFfZY="
    },
    "uuid": {
      "version": "3.4.0",
      "resolved": "https://registry.npmjs.org/uuid/-/uuid-3.4.0.tgz",
      "integrity": "sha512-HjSDRw6gZE5JMggctHBcjVak08+KEVhSIiDzFnT9S9aegmp85S/bReBVTb4QTFaRNptJ9kuYaNhnbNEOkbKb/A=="
    }
  }
}
